// !$*UTF8*$!
{
	archiveVersion = 1;
	classes = {
	};
	objectVersion = 55;
	objects = {

/* Begin PBXBuildFile section */
		4975D44A28B12C09000C80DC /* AppDelegate.swift in Sources */ = {isa = PBXBuildFile; fileRef = 4975D44928B12C09000C80DC /* AppDelegate.swift */; };
		4975D44C28B12C09000C80DC /* SceneDelegate.swift in Sources */ = {isa = PBXBuildFile; fileRef = 4975D44B28B12C09000C80DC /* SceneDelegate.swift */; };
		4975D45428B12C09000C80DC /* Mobile.xcdatamodeld in Sources */ = {isa = PBXBuildFile; fileRef = 4975D45228B12C09000C80DC /* Mobile.xcdatamodeld */; };
		4975D45628B12C0A000C80DC /* Assets.xcassets in Resources */ = {isa = PBXBuildFile; fileRef = 4975D45528B12C0A000C80DC /* Assets.xcassets */; };
		4975D45928B12C0A000C80DC /* LaunchScreen.storyboard in Resources */ = {isa = PBXBuildFile; fileRef = 4975D45728B12C0A000C80DC /* LaunchScreen.storyboard */; };
		4975D46428B12E4B000C80DC /* MainViewController.swift in Sources */ = {isa = PBXBuildFile; fileRef = 4975D46228B12E4B000C80DC /* MainViewController.swift */; };
		4975D46728B12E58000C80DC /* MainPresenter.swift in Sources */ = {isa = PBXBuildFile; fileRef = 4975D46628B12E58000C80DC /* MainPresenter.swift */; };
		4975D46928B12E64000C80DC /* MainModel.swift in Sources */ = {isa = PBXBuildFile; fileRef = 4975D46828B12E64000C80DC /* MainModel.swift */; };
		4975D46C28B12F5A000C80DC /* CategoriesView.swift in Sources */ = {isa = PBXBuildFile; fileRef = 4975D46B28B12F5A000C80DC /* CategoriesView.swift */; };
		4975D47228B1301A000C80DC /* SnapKit in Frameworks */ = {isa = PBXBuildFile; productRef = 4975D47128B1301A000C80DC /* SnapKit */; };
		4975D47928B1409D000C80DC /* HexColor.swift in Sources */ = {isa = PBXBuildFile; fileRef = 4975D47828B1409D000C80DC /* HexColor.swift */; };
		4975D48128B1491A000C80DC /* Mark Pro.ttf in Resources */ = {isa = PBXBuildFile; fileRef = 4975D48028B1491A000C80DC /* Mark Pro.ttf */; };
		4975D48328B14932000C80DC /* Mark Pro Bold.ttf in Resources */ = {isa = PBXBuildFile; fileRef = 4975D48228B14932000C80DC /* Mark Pro Bold.ttf */; };
		4975D48528B14946000C80DC /* Mark Pro Heavy.ttf in Resources */ = {isa = PBXBuildFile; fileRef = 4975D48428B14946000C80DC /* Mark Pro Heavy.ttf */; };
		4975D48728B14953000C80DC /* Mark Pro Medium.ttf in Resources */ = {isa = PBXBuildFile; fileRef = 4975D48628B14953000C80DC /* Mark Pro Medium.ttf */; };
		4975D48928B15464000C80DC /* Categories.swift in Sources */ = {isa = PBXBuildFile; fileRef = 4975D48828B15464000C80DC /* Categories.swift */; };
		4975D48D28B154E1000C80DC /* CategoryCell.swift in Sources */ = {isa = PBXBuildFile; fileRef = 4975D48C28B154E1000C80DC /* CategoryCell.swift */; };
/* End PBXBuildFile section */

/* Begin PBXFileReference section */
		4975D44628B12C09000C80DC /* Mobile.app */ = {isa = PBXFileReference; explicitFileType = wrapper.application; includeInIndex = 0; path = Mobile.app; sourceTree = BUILT_PRODUCTS_DIR; };
		4975D44928B12C09000C80DC /* AppDelegate.swift */ = {isa = PBXFileReference; lastKnownFileType = sourcecode.swift; path = AppDelegate.swift; sourceTree = "<group>"; };
		4975D44B28B12C09000C80DC /* SceneDelegate.swift */ = {isa = PBXFileReference; lastKnownFileType = sourcecode.swift; path = SceneDelegate.swift; sourceTree = "<group>"; };
		4975D45328B12C09000C80DC /* Mobile.xcdatamodel */ = {isa = PBXFileReference; lastKnownFileType = wrapper.xcdatamodel; path = Mobile.xcdatamodel; sourceTree = "<group>"; };
		4975D45528B12C0A000C80DC /* Assets.xcassets */ = {isa = PBXFileReference; lastKnownFileType = folder.assetcatalog; path = Assets.xcassets; sourceTree = "<group>"; };
		4975D45828B12C0A000C80DC /* Base */ = {isa = PBXFileReference; lastKnownFileType = file.storyboard; name = Base; path = Base.lproj/LaunchScreen.storyboard; sourceTree = "<group>"; };
		4975D45A28B12C0A000C80DC /* Info.plist */ = {isa = PBXFileReference; lastKnownFileType = text.plist.xml; path = Info.plist; sourceTree = "<group>"; };
		4975D46228B12E4B000C80DC /* MainViewController.swift */ = {isa = PBXFileReference; lastKnownFileType = sourcecode.swift; path = MainViewController.swift; sourceTree = "<group>"; };
		4975D46628B12E58000C80DC /* MainPresenter.swift */ = {isa = PBXFileReference; lastKnownFileType = sourcecode.swift; path = MainPresenter.swift; sourceTree = "<group>"; };
		4975D46828B12E64000C80DC /* MainModel.swift */ = {isa = PBXFileReference; lastKnownFileType = sourcecode.swift; path = MainModel.swift; sourceTree = "<group>"; };
		4975D46B28B12F5A000C80DC /* CategoriesView.swift */ = {isa = PBXFileReference; lastKnownFileType = sourcecode.swift; path = CategoriesView.swift; sourceTree = "<group>"; };
		4975D47828B1409D000C80DC /* HexColor.swift */ = {isa = PBXFileReference; lastKnownFileType = sourcecode.swift; path = HexColor.swift; sourceTree = "<group>"; };
		4975D48028B1491A000C80DC /* Mark Pro.ttf */ = {isa = PBXFileReference; lastKnownFileType = file; name = "Mark Pro.ttf"; path = "../../../../../Downloads/OnlineWebFonts_COM_d7cf085250facdfe6d5af1d96777f54e/Mark Pro/Mark Pro.ttf"; sourceTree = "<group>"; };
		4975D48228B14932000C80DC /* Mark Pro Bold.ttf */ = {isa = PBXFileReference; lastKnownFileType = file; name = "Mark Pro Bold.ttf"; path = "../../../../../Downloads/OnlineWebFonts_COM_d7cf085250facdfe6d5af1d96777f54e/Mark Pro Bold/Mark Pro Bold.ttf"; sourceTree = "<group>"; };
		4975D48428B14946000C80DC /* Mark Pro Heavy.ttf */ = {isa = PBXFileReference; lastKnownFileType = file; name = "Mark Pro Heavy.ttf"; path = "../../../../../Downloads/OnlineWebFonts_COM_d7cf085250facdfe6d5af1d96777f54e/Mark Pro Heavy/Mark Pro Heavy.ttf"; sourceTree = "<group>"; };
		4975D48628B14953000C80DC /* Mark Pro Medium.ttf */ = {isa = PBXFileReference; lastKnownFileType = file; name = "Mark Pro Medium.ttf"; path = "../../../../../Downloads/OnlineWebFonts_COM_d7cf085250facdfe6d5af1d96777f54e/Mark Pro Medium/Mark Pro Medium.ttf"; sourceTree = "<group>"; };
		4975D48828B15464000C80DC /* Categories.swift */ = {isa = PBXFileReference; lastKnownFileType = sourcecode.swift; path = Categories.swift; sourceTree = "<group>"; };
		4975D48C28B154E1000C80DC /* CategoryCell.swift */ = {isa = PBXFileReference; lastKnownFileType = sourcecode.swift; path = CategoryCell.swift; sourceTree = "<group>"; };
/* End PBXFileReference section */

/* Begin PBXFrameworksBuildPhase section */
		4975D44328B12C09000C80DC /* Frameworks */ = {
			isa = PBXFrameworksBuildPhase;
			buildActionMask = 2147483647;
			files = (
				4975D47228B1301A000C80DC /* SnapKit in Frameworks */,
			);
			runOnlyForDeploymentPostprocessing = 0;
		};
/* End PBXFrameworksBuildPhase section */

/* Begin PBXGroup section */
		4975D43D28B12C09000C80DC = {
			isa = PBXGroup;
			children = (
				4975D44828B12C09000C80DC /* Mobile */,
				4975D44728B12C09000C80DC /* Products */,
			);
			sourceTree = "<group>";
		};
		4975D44728B12C09000C80DC /* Products */ = {
			isa = PBXGroup;
			children = (
				4975D44628B12C09000C80DC /* Mobile.app */,
			);
			name = Products;
			sourceTree = "<group>";
		};
		4975D44828B12C09000C80DC /* Mobile */ = {
			isa = PBXGroup;
			children = (
				4975D47328B139B9000C80DC /* App */,
				4975D47728B13A8E000C80DC /* ServiceLayer */,
				4975D46A28B12E76000C80DC /* MainModule */,
				4975D47428B13A27000C80DC /* Splash */,
				4975D47628B13A58000C80DC /* Supporting files */,
				4975D47A28B140A3000C80DC /* Utils */,
				4975D47E28B146C1000C80DC /* Fonts */,
			);
			path = Mobile;
			sourceTree = "<group>";
		};
		4975D46A28B12E76000C80DC /* MainModule */ = {
			isa = PBXGroup;
			children = (
				4975D46D28B12F64000C80DC /* Model */,
				4975D46F28B12F79000C80DC /* View */,
				4975D46E28B12F6A000C80DC /* Presenter */,
			);
			path = MainModule;
			sourceTree = "<group>";
		};
		4975D46D28B12F64000C80DC /* Model */ = {
			isa = PBXGroup;
			children = (
				4975D46828B12E64000C80DC /* MainModel.swift */,
				4975D48828B15464000C80DC /* Categories.swift */,
			);
			path = Model;
			sourceTree = "<group>";
		};
		4975D46E28B12F6A000C80DC /* Presenter */ = {
			isa = PBXGroup;
			children = (
				4975D46628B12E58000C80DC /* MainPresenter.swift */,
			);
			path = Presenter;
			sourceTree = "<group>";
		};
		4975D46F28B12F79000C80DC /* View */ = {
			isa = PBXGroup;
			children = (
				4975D46228B12E4B000C80DC /* MainViewController.swift */,
				4975D46B28B12F5A000C80DC /* CategoriesView.swift */,
				4975D48C28B154E1000C80DC /* CategoryCell.swift */,
			);
			path = View;
			sourceTree = "<group>";
		};
		4975D47328B139B9000C80DC /* App */ = {
			isa = PBXGroup;
			children = (
				4975D44928B12C09000C80DC /* AppDelegate.swift */,
				4975D44B28B12C09000C80DC /* SceneDelegate.swift */,
			);
			path = App;
			sourceTree = "<group>";
		};
		4975D47428B13A27000C80DC /* Splash */ = {
			isa = PBXGroup;
			children = (
				4975D45728B12C0A000C80DC /* LaunchScreen.storyboard */,
			);
			path = Splash;
			sourceTree = "<group>";
		};
		4975D47528B13A40000C80DC /* CoreDataStack */ = {
			isa = PBXGroup;
			children = (
				4975D45228B12C09000C80DC /* Mobile.xcdatamodeld */,
			);
			path = CoreDataStack;
			sourceTree = "<group>";
		};
		4975D47628B13A58000C80DC /* Supporting files */ = {
			isa = PBXGroup;
			children = (
				4975D45528B12C0A000C80DC /* Assets.xcassets */,
				4975D45A28B12C0A000C80DC /* Info.plist */,
			);
			path = "Supporting files";
			sourceTree = "<group>";
		};
		4975D47728B13A8E000C80DC /* ServiceLayer */ = {
			isa = PBXGroup;
			children = (
				4975D47528B13A40000C80DC /* CoreDataStack */,
			);
			path = ServiceLayer;
			sourceTree = "<group>";
		};
		4975D47A28B140A3000C80DC /* Utils */ = {
			isa = PBXGroup;
			children = (
				4975D47828B1409D000C80DC /* HexColor.swift */,
			);
			path = Utils;
			sourceTree = "<group>";
		};
		4975D47E28B146C1000C80DC /* Fonts */ = {
			isa = PBXGroup;
			children = (
				4975D48628B14953000C80DC /* Mark Pro Medium.ttf */,
				4975D48428B14946000C80DC /* Mark Pro Heavy.ttf */,
				4975D48228B14932000C80DC /* Mark Pro Bold.ttf */,
				4975D48028B1491A000C80DC /* Mark Pro.ttf */,
			);
			path = Fonts;
			sourceTree = "<group>";
		};
/* End PBXGroup section */

/* Begin PBXNativeTarget section */
		4975D44528B12C09000C80DC /* Mobile */ = {
			isa = PBXNativeTarget;
			buildConfigurationList = 4975D45D28B12C0A000C80DC /* Build configuration list for PBXNativeTarget "Mobile" */;
			buildPhases = (
				4975D44228B12C09000C80DC /* Sources */,
				4975D44328B12C09000C80DC /* Frameworks */,
				4975D44428B12C09000C80DC /* Resources */,
			);
			buildRules = (
			);
			dependencies = (
			);
			name = Mobile;
			packageProductDependencies = (
				4975D47128B1301A000C80DC /* SnapKit */,
			);
			productName = Mobile;
			productReference = 4975D44628B12C09000C80DC /* Mobile.app */;
			productType = "com.apple.product-type.application";
		};
/* End PBXNativeTarget section */

/* Begin PBXProject section */
		4975D43E28B12C09000C80DC /* Project object */ = {
			isa = PBXProject;
			attributes = {
				BuildIndependentTargetsInParallel = 1;
				LastSwiftUpdateCheck = 1340;
				LastUpgradeCheck = 1340;
				TargetAttributes = {
					4975D44528B12C09000C80DC = {
						CreatedOnToolsVersion = 13.4.1;
					};
				};
			};
			buildConfigurationList = 4975D44128B12C09000C80DC /* Build configuration list for PBXProject "Mobile" */;
			compatibilityVersion = "Xcode 13.0";
			developmentRegion = en;
			hasScannedForEncodings = 0;
			knownRegions = (
				en,
				Base,
			);
			mainGroup = 4975D43D28B12C09000C80DC;
			packageReferences = (
				4975D47028B1301A000C80DC /* XCRemoteSwiftPackageReference "SnapKit" */,
			);
			productRefGroup = 4975D44728B12C09000C80DC /* Products */;
			projectDirPath = "";
			projectRoot = "";
			targets = (
				4975D44528B12C09000C80DC /* Mobile */,
			);
		};
/* End PBXProject section */

/* Begin PBXResourcesBuildPhase section */
		4975D44428B12C09000C80DC /* Resources */ = {
			isa = PBXResourcesBuildPhase;
			buildActionMask = 2147483647;
			files = (
				4975D48128B1491A000C80DC /* Mark Pro.ttf in Resources */,
				4975D48528B14946000C80DC /* Mark Pro Heavy.ttf in Resources */,
				4975D45928B12C0A000C80DC /* LaunchScreen.storyboard in Resources */,
				4975D48328B14932000C80DC /* Mark Pro Bold.ttf in Resources */,
				4975D48728B14953000C80DC /* Mark Pro Medium.ttf in Resources */,
				4975D45628B12C0A000C80DC /* Assets.xcassets in Resources */,
			);
			runOnlyForDeploymentPostprocessing = 0;
		};
/* End PBXResourcesBuildPhase section */

/* Begin PBXSourcesBuildPhase section */
		4975D44228B12C09000C80DC /* Sources */ = {
			isa = PBXSourcesBuildPhase;
			buildActionMask = 2147483647;
			files = (
				4975D48D28B154E1000C80DC /* CategoryCell.swift in Sources */,
				4975D46C28B12F5A000C80DC /* CategoriesView.swift in Sources */,
				4975D46728B12E58000C80DC /* MainPresenter.swift in Sources */,
				4975D44A28B12C09000C80DC /* AppDelegate.swift in Sources */,
				4975D46928B12E64000C80DC /* MainModel.swift in Sources */,
				4975D44C28B12C09000C80DC /* SceneDelegate.swift in Sources */,
				4975D48928B15464000C80DC /* Categories.swift in Sources */,
				4975D47928B1409D000C80DC /* HexColor.swift in Sources */,
				4975D45428B12C09000C80DC /* Mobile.xcdatamodeld in Sources */,
				4975D46428B12E4B000C80DC /* MainViewController.swift in Sources */,
			);
			runOnlyForDeploymentPostprocessing = 0;
		};
/* End PBXSourcesBuildPhase section */

/* Begin PBXVariantGroup section */
		4975D45728B12C0A000C80DC /* LaunchScreen.storyboard */ = {
			isa = PBXVariantGroup;
			children = (
				4975D45828B12C0A000C80DC /* Base */,
			);
			name = LaunchScreen.storyboard;
			sourceTree = "<group>";
		};
/* End PBXVariantGroup section */

/* Begin XCBuildConfiguration section */
		4975D45B28B12C0A000C80DC /* Debug */ = {
			isa = XCBuildConfiguration;
			buildSettings = {
				ALWAYS_SEARCH_USER_PATHS = NO;
				CLANG_ANALYZER_NONNULL = YES;
				CLANG_ANALYZER_NUMBER_OBJECT_CONVERSION = YES_AGGRESSIVE;
				CLANG_CXX_LANGUAGE_STANDARD = "gnu++17";
				CLANG_ENABLE_MODULES = YES;
				CLANG_ENABLE_OBJC_ARC = YES;
				CLANG_ENABLE_OBJC_WEAK = YES;
				CLANG_WARN_BLOCK_CAPTURE_AUTORELEASING = YES;
				CLANG_WARN_BOOL_CONVERSION = YES;
				CLANG_WARN_COMMA = YES;
				CLANG_WARN_CONSTANT_CONVERSION = YES;
				CLANG_WARN_DEPRECATED_OBJC_IMPLEMENTATIONS = YES;
				CLANG_WARN_DIRECT_OBJC_ISA_USAGE = YES_ERROR;
				CLANG_WARN_DOCUMENTATION_COMMENTS = YES;
				CLANG_WARN_EMPTY_BODY = YES;
				CLANG_WARN_ENUM_CONVERSION = YES;
				CLANG_WARN_INFINITE_RECURSION = YES;
				CLANG_WARN_INT_CONVERSION = YES;
				CLANG_WARN_NON_LITERAL_NULL_CONVERSION = YES;
				CLANG_WARN_OBJC_IMPLICIT_RETAIN_SELF = YES;
				CLANG_WARN_OBJC_LITERAL_CONVERSION = YES;
				CLANG_WARN_OBJC_ROOT_CLASS = YES_ERROR;
				CLANG_WARN_QUOTED_INCLUDE_IN_FRAMEWORK_HEADER = YES;
				CLANG_WARN_RANGE_LOOP_ANALYSIS = YES;
				CLANG_WARN_STRICT_PROTOTYPES = YES;
				CLANG_WARN_SUSPICIOUS_MOVE = YES;
				CLANG_WARN_UNGUARDED_AVAILABILITY = YES_AGGRESSIVE;
				CLANG_WARN_UNREACHABLE_CODE = YES;
				CLANG_WARN__DUPLICATE_METHOD_MATCH = YES;
				COPY_PHASE_STRIP = NO;
				DEBUG_INFORMATION_FORMAT = dwarf;
				ENABLE_STRICT_OBJC_MSGSEND = YES;
				ENABLE_TESTABILITY = YES;
				GCC_C_LANGUAGE_STANDARD = gnu11;
				GCC_DYNAMIC_NO_PIC = NO;
				GCC_NO_COMMON_BLOCKS = YES;
				GCC_OPTIMIZATION_LEVEL = 0;
				GCC_PREPROCESSOR_DEFINITIONS = (
					"DEBUG=1",
					"$(inherited)",
				);
				GCC_WARN_64_TO_32_BIT_CONVERSION = YES;
				GCC_WARN_ABOUT_RETURN_TYPE = YES_ERROR;
				GCC_WARN_UNDECLARED_SELECTOR = YES;
				GCC_WARN_UNINITIALIZED_AUTOS = YES_AGGRESSIVE;
				GCC_WARN_UNUSED_FUNCTION = YES;
				GCC_WARN_UNUSED_VARIABLE = YES;
				IPHONEOS_DEPLOYMENT_TARGET = 15.5;
				MTL_ENABLE_DEBUG_INFO = INCLUDE_SOURCE;
				MTL_FAST_MATH = YES;
				ONLY_ACTIVE_ARCH = YES;
				SDKROOT = iphoneos;
				SWIFT_ACTIVE_COMPILATION_CONDITIONS = DEBUG;
				SWIFT_OPTIMIZATION_LEVEL = "-Onone";
			};
			name = Debug;
		};
		4975D45C28B12C0A000C80DC /* Release */ = {
			isa = XCBuildConfiguration;
			buildSettings = {
				ALWAYS_SEARCH_USER_PATHS = NO;
				CLANG_ANALYZER_NONNULL = YES;
				CLANG_ANALYZER_NUMBER_OBJECT_CONVERSION = YES_AGGRESSIVE;
				CLANG_CXX_LANGUAGE_STANDARD = "gnu++17";
				CLANG_ENABLE_MODULES = YES;
				CLANG_ENABLE_OBJC_ARC = YES;
				CLANG_ENABLE_OBJC_WEAK = YES;
				CLANG_WARN_BLOCK_CAPTURE_AUTORELEASING = YES;
				CLANG_WARN_BOOL_CONVERSION = YES;
				CLANG_WARN_COMMA = YES;
				CLANG_WARN_CONSTANT_CONVERSION = YES;
				CLANG_WARN_DEPRECATED_OBJC_IMPLEMENTATIONS = YES;
				CLANG_WARN_DIRECT_OBJC_ISA_USAGE = YES_ERROR;
				CLANG_WARN_DOCUMENTATION_COMMENTS = YES;
				CLANG_WARN_EMPTY_BODY = YES;
				CLANG_WARN_ENUM_CONVERSION = YES;
				CLANG_WARN_INFINITE_RECURSION = YES;
				CLANG_WARN_INT_CONVERSION = YES;
				CLANG_WARN_NON_LITERAL_NULL_CONVERSION = YES;
				CLANG_WARN_OBJC_IMPLICIT_RETAIN_SELF = YES;
				CLANG_WARN_OBJC_LITERAL_CONVERSION = YES;
				CLANG_WARN_OBJC_ROOT_CLASS = YES_ERROR;
				CLANG_WARN_QUOTED_INCLUDE_IN_FRAMEWORK_HEADER = YES;
				CLANG_WARN_RANGE_LOOP_ANALYSIS = YES;
				CLANG_WARN_STRICT_PROTOTYPES = YES;
				CLANG_WARN_SUSPICIOUS_MOVE = YES;
				CLANG_WARN_UNGUARDED_AVAILABILITY = YES_AGGRESSIVE;
				CLANG_WARN_UNREACHABLE_CODE = YES;
				CLANG_WARN__DUPLICATE_METHOD_MATCH = YES;
				COPY_PHASE_STRIP = NO;
				DEBUG_INFORMATION_FORMAT = "dwarf-with-dsym";
				ENABLE_NS_ASSERTIONS = NO;
				ENABLE_STRICT_OBJC_MSGSEND = YES;
				GCC_C_LANGUAGE_STANDARD = gnu11;
				GCC_NO_COMMON_BLOCKS = YES;
				GCC_WARN_64_TO_32_BIT_CONVERSION = YES;
				GCC_WARN_ABOUT_RETURN_TYPE = YES_ERROR;
				GCC_WARN_UNDECLARED_SELECTOR = YES;
				GCC_WARN_UNINITIALIZED_AUTOS = YES_AGGRESSIVE;
				GCC_WARN_UNUSED_FUNCTION = YES;
				GCC_WARN_UNUSED_VARIABLE = YES;
				IPHONEOS_DEPLOYMENT_TARGET = 15.5;
				MTL_ENABLE_DEBUG_INFO = NO;
				MTL_FAST_MATH = YES;
				SDKROOT = iphoneos;
				SWIFT_COMPILATION_MODE = wholemodule;
				SWIFT_OPTIMIZATION_LEVEL = "-O";
				VALIDATE_PRODUCT = YES;
			};
			name = Release;
		};
		4975D45E28B12C0A000C80DC /* Debug */ = {
			isa = XCBuildConfiguration;
			buildSettings = {
				ASSETCATALOG_COMPILER_APPICON_NAME = AppIcon;
				ASSETCATALOG_COMPILER_GLOBAL_ACCENT_COLOR_NAME = AccentColor;
				CODE_SIGN_STYLE = Automatic;
				CURRENT_PROJECT_VERSION = 1;
				DEVELOPMENT_TEAM = 4LU2BMBADH;
				GENERATE_INFOPLIST_FILE = YES;
				INFOPLIST_FILE = "Mobile/Supporting files/Info.plist";
				INFOPLIST_KEY_UIApplicationSupportsIndirectInputEvents = YES;
				INFOPLIST_KEY_UILaunchStoryboardName = LaunchScreen;
				INFOPLIST_KEY_UISupportedInterfaceOrientations_iPad = "UIInterfaceOrientationPortrait UIInterfaceOrientationPortraitUpsideDown UIInterfaceOrientationLandscapeLeft UIInterfaceOrientationLandscapeRight";
				INFOPLIST_KEY_UISupportedInterfaceOrientations_iPhone = "UIInterfaceOrientationPortrait UIInterfaceOrientationLandscapeLeft UIInterfaceOrientationLandscapeRight";
				LD_RUNPATH_SEARCH_PATHS = (
					"$(inherited)",
					"@executable_path/Frameworks",
				);
				MARKETING_VERSION = 1.0;
				PRODUCT_BUNDLE_IDENTIFIER = Tambanco.Mobile;
				PRODUCT_NAME = "$(TARGET_NAME)";
				SWIFT_EMIT_LOC_STRINGS = YES;
				SWIFT_VERSION = 5.0;
				TARGETED_DEVICE_FAMILY = "1,2";
			};
			name = Debug;
		};
		4975D45F28B12C0A000C80DC /* Release */ = {
			isa = XCBuildConfiguration;
			buildSettings = {
				ASSETCATALOG_COMPILER_APPICON_NAME = AppIcon;
				ASSETCATALOG_COMPILER_GLOBAL_ACCENT_COLOR_NAME = AccentColor;
				CODE_SIGN_STYLE = Automatic;
				CURRENT_PROJECT_VERSION = 1;
				DEVELOPMENT_TEAM = 4LU2BMBADH;
				GENERATE_INFOPLIST_FILE = YES;
				INFOPLIST_FILE = "Mobile/Supporting files/Info.plist";
				INFOPLIST_KEY_UIApplicationSupportsIndirectInputEvents = YES;
				INFOPLIST_KEY_UILaunchStoryboardName = LaunchScreen;
				INFOPLIST_KEY_UISupportedInterfaceOrientations_iPad = "UIInterfaceOrientationPortrait UIInterfaceOrientationPortraitUpsideDown UIInterfaceOrientationLandscapeLeft UIInterfaceOrientationLandscapeRight";
				INFOPLIST_KEY_UISupportedInterfaceOrientations_iPhone = "UIInterfaceOrientationPortrait UIInterfaceOrientationLandscapeLeft UIInterfaceOrientationLandscapeRight";
				LD_RUNPATH_SEARCH_PATHS = (
					"$(inherited)",
					"@executable_path/Frameworks",
				);
				MARKETING_VERSION = 1.0;
				PRODUCT_BUNDLE_IDENTIFIER = Tambanco.Mobile;
				PRODUCT_NAME = "$(TARGET_NAME)";
				SWIFT_EMIT_LOC_STRINGS = YES;
				SWIFT_VERSION = 5.0;
				TARGETED_DEVICE_FAMILY = "1,2";
			};
			name = Release;
		};
/* End XCBuildConfiguration section */

/* Begin XCConfigurationList section */
		4975D44128B12C09000C80DC /* Build configuration list for PBXProject "Mobile" */ = {
			isa = XCConfigurationList;
			buildConfigurations = (
				4975D45B28B12C0A000C80DC /* Debug */,
				4975D45C28B12C0A000C80DC /* Release */,
			);
			defaultConfigurationIsVisible = 0;
			defaultConfigurationName = Release;
		};
		4975D45D28B12C0A000C80DC /* Build configuration list for PBXNativeTarget "Mobile" */ = {
			isa = XCConfigurationList;
			buildConfigurations = (
				4975D45E28B12C0A000C80DC /* Debug */,
				4975D45F28B12C0A000C80DC /* Release */,
			);
			defaultConfigurationIsVisible = 0;
			defaultConfigurationName = Release;
		};
/* End XCConfigurationList section */

/* Begin XCRemoteSwiftPackageReference section */
		4975D47028B1301A000C80DC /* XCRemoteSwiftPackageReference "SnapKit" */ = {
			isa = XCRemoteSwiftPackageReference;
			repositoryURL = "https://github.com/SnapKit/SnapKit";
			requirement = {
				branch = develop;
				kind = branch;
			};
		};
/* End XCRemoteSwiftPackageReference section */

/* Begin XCSwiftPackageProductDependency section */
		4975D47128B1301A000C80DC /* SnapKit */ = {
			isa = XCSwiftPackageProductDependency;
			package = 4975D47028B1301A000C80DC /* XCRemoteSwiftPackageReference "SnapKit" */;
			productName = SnapKit;
		};
/* End XCSwiftPackageProductDependency section */

/* Begin XCVersionGroup section */
		4975D45228B12C09000C80DC /* Mobile.xcdatamodeld */ = {
			isa = XCVersionGroup;
			children = (
				4975D45328B12C09000C80DC /* Mobile.xcdatamodel */,
			);
			currentVersion = 4975D45328B12C09000C80DC /* Mobile.xcdatamodel */;
			path = Mobile.xcdatamodeld;
			sourceTree = "<group>";
			versionGroupType = wrapper.xcdatamodel;
		};
/* End XCVersionGroup section */
	};
	rootObject = 4975D43E28B12C09000C80DC /* Project object */;
}
